// !$*UTF8*$!
{
	archiveVersion = 1;
	classes = {
	};
	objectVersion = 48;
	objects = {

/* Begin PBXBuildFile section */
		BA921E70205D381000E3E2EE /* AppDelegate.swift in Sources */ = {isa = PBXBuildFile; fileRef = BA921E6F205D381000E3E2EE /* AppDelegate.swift */; };
		BA921E72205D381000E3E2EE /* ViewController.swift in Sources */ = {isa = PBXBuildFile; fileRef = BA921E71205D381000E3E2EE /* ViewController.swift */; };
		BA921E75205D381000E3E2EE /* Main.storyboard in Resources */ = {isa = PBXBuildFile; fileRef = BA921E73205D381000E3E2EE /* Main.storyboard */; };
		BA921E77205D381000E3E2EE /* Assets.xcassets in Resources */ = {isa = PBXBuildFile; fileRef = BA921E76205D381000E3E2EE /* Assets.xcassets */; };
		BA921E7A205D381000E3E2EE /* LaunchScreen.storyboard in Resources */ = {isa = PBXBuildFile; fileRef = BA921E78205D381000E3E2EE /* LaunchScreen.storyboard */; };
/* End PBXBuildFile section */

/* Begin PBXFileReference section */
		BA921E6C205D381000E3E2EE /* ZaikaMaxim HomeNetWorking.app */ = {isa = PBXFileReference; explicitFileType = wrapper.application; includeInIndex = 0; path = "ZaikaMaxim HomeNetWorking.app"; sourceTree = BUILT_PRODUCTS_DIR; };
		BA921E6F205D381000E3E2EE /* AppDelegate.swift */ = {isa = PBXFileReference; lastKnownFileType = sourcecode.swift; path = AppDelegate.swift; sourceTree = "<group>"; };
		BA921E71205D381000E3E2EE /* ViewController.swift */ = {isa = PBXFileReference; lastKnownFileType = sourcecode.swift; path = ViewController.swift; sourceTree = "<group>"; };
		BA921E74205D381000E3E2EE /* Base */ = {isa = PBXFileReference; lastKnownFileType = file.storyboard; name = Base; path = Base.lproj/Main.storyboard; sourceTree = "<group>"; };
		BA921E76205D381000E3E2EE /* Assets.xcassets */ = {isa = PBXFileReference; lastKnownFileType = folder.assetcatalog; path = Assets.xcassets; sourceTree = "<group>"; };
		BA921E79205D381000E3E2EE /* Base */ = {isa = PBXFileReference; lastKnownFileType = file.storyboard; name = Base; path = Base.lproj/LaunchScreen.storyboard; sourceTree = "<group>"; };
		BA921E7B205D381000E3E2EE /* Info.plist */ = {isa = PBXFileReference; lastKnownFileType = text.plist.xml; path = Info.plist; sourceTree = "<group>"; };
/* End PBXFileReference section */

/* Begin PBXFrameworksBuildPhase section */
		BA921E69205D381000E3E2EE /* Frameworks */ = {
			isa = PBXFrameworksBuildPhase;
			buildActionMask = 2147483647;
			files = (
			);
			runOnlyForDeploymentPostprocessing = 0;
		};
/* End PBXFrameworksBuildPhase section */

/* Begin PBXGroup section */
		BA921E63205D381000E3E2EE = {
			isa = PBXGroup;
			children = (
				BA921E6E205D381000E3E2EE /* ZaikaMaxim HomeNetWorking */,
				BA921E6D205D381000E3E2EE /* Products */,
			);
			sourceTree = "<group>";
		};
		BA921E6D205D381000E3E2EE /* Products */ = {
			isa = PBXGroup;
			children = (
				BA921E6C205D381000E3E2EE /* ZaikaMaxim HomeNetWorking.app */,
			);
			name = Products;
			sourceTree = "<group>";
		};
		BA921E6E205D381000E3E2EE /* ZaikaMaxim HomeNetWorking */ = {
			isa = PBXGroup;
			children = (
				BA921E6F205D381000E3E2EE /* AppDelegate.swift */,
				BA921E71205D381000E3E2EE /* ViewController.swift */,
				BA921E73205D381000E3E2EE /* Main.storyboard */,
				BA921E76205D381000E3E2EE /* Assets.xcassets */,
				BA921E78205D381000E3E2EE /* LaunchScreen.storyboard */,
				BA921E7B205D381000E3E2EE /* Info.plist */,
			);
			path = "ZaikaMaxim HomeNetWorking";
			sourceTree = "<group>";
		};
/* End PBXGroup section */

/* Begin PBXNativeTarget section */
		BA921E6B205D381000E3E2EE /* ZaikaMaxim HomeNetWorking */ = {
			isa = PBXNativeTarget;
			buildConfigurationList = BA921E7E205D381000E3E2EE /* Build configuration list for PBXNativeTarget "ZaikaMaxim HomeNetWorking" */;
			buildPhases = (
				BA921E68205D381000E3E2EE /* Sources */,
				BA921E69205D381000E3E2EE /* Frameworks */,
				BA921E6A205D381000E3E2EE /* Resources */,
			);
			buildRules = (
			);
			dependencies = (
			);
			name = "ZaikaMaxim HomeNetWorking";
			productName = "ZaikaMaxim HomeNetWorking";
			productReference = BA921E6C205D381000E3E2EE /* ZaikaMaxim HomeNetWorking.app */;
			productType = "com.apple.product-type.application";
		};
/* End PBXNativeTarget section */

/* Begin PBXProject section */
		BA921E64205D381000E3E2EE /* Project object */ = {
			isa = PBXProject;
			attributes = {
				LastSwiftUpdateCheck = 0920;
				LastUpgradeCheck = 0920;
				ORGANIZATIONNAME = "Максим Заїка";
				TargetAttributes = {
					BA921E6B205D381000E3E2EE = {
						CreatedOnToolsVersion = 9.2;
						ProvisioningStyle = Automatic;
					};
				};
			};
			buildConfigurationList = BA921E67205D381000E3E2EE /* Build configuration list for PBXProject "ZaikaMaxim HomeNetWorking" */;
			compatibilityVersion = "Xcode 8.0";
			developmentRegion = en;
			hasScannedForEncodings = 0;
			knownRegions = (
				en,
				Base,
			);
			mainGroup = BA921E63205D381000E3E2EE;
			productRefGroup = BA921E6D205D381000E3E2EE /* Products */;
			projectDirPath = "";
			projectRoot = "";
			targets = (
				BA921E6B205D381000E3E2EE /* ZaikaMaxim HomeNetWorking */,
			);
		};
/* End PBXProject section */

/* Begin PBXResourcesBuildPhase section */
		BA921E6A205D381000E3E2EE /* Resources */ = {
			isa = PBXResourcesBuildPhase;
			buildActionMask = 2147483647;
			files = (
				BA921E7A205D381000E3E2EE /* LaunchScreen.storyboard in Resources */,
				BA921E77205D381000E3E2EE /* Assets.xcassets in Resources */,
				BA921E75205D381000E3E2EE /* Main.storyboard in Resources */,
			);
			runOnlyForDeploymentPostprocessing = 0;
		};
/* End PBXResourcesBuildPhase section */

/* Begin PBXSourcesBuildPhase section */
		BA921E68205D381000E3E2EE /* Sources */ = {
			isa = PBXSourcesBuildPhase;
			buildActionMask = 2147483647;
			files = (
				BA921E72205D381000E3E2EE /* ViewController.swift in Sources */,
				BA921E70205D381000E3E2EE /* AppDelegate.swift in Sources */,
			);
			runOnlyForDeploymentPostprocessing = 0;
		};
/* End PBXSourcesBuildPhase section */

/* Begin PBXVariantGroup section */
		BA921E73205D381000E3E2EE /* Main.storyboard */ = {
			isa = PBXVariantGroup;
			children = (
				BA921E74205D381000E3E2EE /* Base */,
			);
			name = Main.storyboard;
			sourceTree = "<group>";
		};
		BA921E78205D381000E3E2EE /* LaunchScreen.storyboard */ = {
			isa = PBXVariantGroup;
			children = (
				BA921E79205D381000E3E2EE /* Base */,
			);
			name = LaunchScreen.storyboard;
			sourceTree = "<group>";
		};
/* End PBXVariantGroup section */

/* Begin XCBuildConfiguration section */
		BA921E7C205D381000E3E2EE /* Debug */ = {
			isa = XCBuildConfiguration;
			buildSettings = {
				ALWAYS_SEARCH_USER_PATHS = NO;
				CLANG_ANALYZER_NONNULL = YES;
				CLANG_ANALYZER_NUMBER_OBJECT_CONVERSION = YES_AGGRESSIVE;
				CLANG_CXX_LANGUAGE_STANDARD = "gnu++14";
				CLANG_CXX_LIBRARY = "libc++";
				CLANG_ENABLE_MODULES = YES;
				CLANG_ENABLE_OBJC_ARC = YES;
				CLANG_WARN_BLOCK_CAPTURE_AUTORELEASING = YES;
				CLANG_WARN_BOOL_CONVERSION = YES;
				CLANG_WARN_COMMA = YES;
				CLANG_WARN_CONSTANT_CONVERSION = YES;
				CLANG_WARN_DIRECT_OBJC_ISA_USAGE = YES_ERROR;
				CLANG_WARN_DOCUMENTATION_COMMENTS = YES;
				CLANG_WARN_EMPTY_BODY = YES;
				CLANG_WARN_ENUM_CONVERSION = YES;
				CLANG_WARN_INFINITE_RECURSION = YES;
				CLANG_WARN_INT_CONVERSION = YES;
				CLANG_WARN_NON_LITERAL_NULL_CONVERSION = YES;
				CLANG_WARN_OBJC_LITERAL_CONVERSION = YES;
				CLANG_WARN_OBJC_ROOT_CLASS = YES_ERROR;
				CLANG_WARN_RANGE_LOOP_ANALYSIS = YES;
				CLANG_WARN_STRICT_PROTOTYPES = YES;
				CLANG_WARN_SUSPICIOUS_MOVE = YES;
				CLANG_WARN_UNGUARDED_AVAILABILITY = YES_AGGRESSIVE;
				CLANG_WARN_UNREACHABLE_CODE = YES;
				CLANG_WARN__DUPLICATE_METHOD_MATCH = YES;
				CODE_SIGN_IDENTITY = "iPhone Developer";
				COPY_PHASE_STRIP = NO;
				DEBUG_INFORMATION_FORMAT = dwarf;
				ENABLE_STRICT_OBJC_MSGSEND = YES;
				ENABLE_TESTABILITY = YES;
				GCC_C_LANGUAGE_STANDARD = gnu11;
				GCC_DYNAMIC_NO_PIC = NO;
				GCC_NO_COMMON_BLOCKS = YES;
				GCC_OPTIMIZATION_LEVEL = 0;
				GCC_PREPROCESSOR_DEFINITIONS = (
					"DEBUG=1",
					"$(inherited)",
				);
				GCC_WARN_64_TO_32_BIT_CONVERSION = YES;
				GCC_WARN_ABOUT_RETURN_TYPE = YES_ERROR;
				GCC_WARN_UNDECLARED_SELECTOR = YES;
				GCC_WARN_UNINITIALIZED_AUTOS = YES_AGGRESSIVE;
				GCC_WARN_UNUSED_FUNCTION = YES;
				GCC_WARN_UNUSED_VARIABLE = YES;
				IPHONEOS_DEPLOYMENT_TARGET = 11.2;
				MTL_ENABLE_DEBUG_INFO = YES;
				ONLY_ACTIVE_ARCH = YES;
				SDKROOT = iphoneos;
				SWIFT_ACTIVE_COMPILATION_CONDITIONS = DEBUG;
				SWIFT_OPTIMIZATION_LEVEL = "-Onone";
			};
			name = Debug;
		};
		BA921E7D205D381000E3E2EE /* Release */ = {
			isa = XCBuildConfiguration;
			buildSettings = {
				ALWAYS_SEARCH_USER_PATHS = NO;
				CLANG_ANALYZER_NONNULL = YES;
				CLANG_ANALYZER_NUMBER_OBJECT_CONVERSION = YES_AGGRESSIVE;
				CLANG_CXX_LANGUAGE_STANDARD = "gnu++14";
				CLANG_CXX_LIBRARY = "libc++";
				CLANG_ENABLE_MODULES = YES;
				CLANG_ENABLE_OBJC_ARC = YES;
				CLANG_WARN_BLOCK_CAPTURE_AUTORELEASING = YES;
				CLANG_WARN_BOOL_CONVERSION = YES;
				CLANG_WARN_COMMA = YES;
				CLANG_WARN_CONSTANT_CONVERSION = YES;
				CLANG_WARN_DIRECT_OBJC_ISA_USAGE = YES_ERROR;
				CLANG_WARN_DOCUMENTATION_COMMENTS = YES;
				CLANG_WARN_EMPTY_BODY = YES;
				CLANG_WARN_ENUM_CONVERSION = YES;
				CLANG_WARN_INFINITE_RECURSION = YES;
				CLANG_WARN_INT_CONVERSION = YES;
				CLANG_WARN_NON_LITERAL_NULL_CONVERSION = YES;
				CLANG_WARN_OBJC_LITERAL_CONVERSION = YES;
				CLANG_WARN_OBJC_ROOT_CLASS = YES_ERROR;
				CLANG_WARN_RANGE_LOOP_ANALYSIS = YES;
				CLANG_WARN_STRICT_PROTOTYPES = YES;
				CLANG_WARN_SUSPICIOUS_MOVE = YES;
				CLANG_WARN_UNGUARDED_AVAILABILITY = YES_AGGRESSIVE;
				CLANG_WARN_UNREACHABLE_CODE = YES;
				CLANG_WARN__DUPLICATE_METHOD_MATCH = YES;
				CODE_SIGN_IDENTITY = "iPhone Developer";
				COPY_PHASE_STRIP = NO;
				DEBUG_INFORMATION_FORMAT = "dwarf-with-dsym";
				ENABLE_NS_ASSERTIONS = NO;
				ENABLE_STRICT_OBJC_MSGSEND = YES;
				GCC_C_LANGUAGE_STANDARD = gnu11;
				GCC_NO_COMMON_BLOCKS = YES;
				GCC_WARN_64_TO_32_BIT_CONVERSION = YES;
				GCC_WARN_ABOUT_RETURN_TYPE = YES_ERROR;
				GCC_WARN_UNDECLARED_SELECTOR = YES;
				GCC_WARN_UNINITIALIZED_AUTOS = YES_AGGRESSIVE;
				GCC_WARN_UNUSED_FUNCTION = YES;
				GCC_WARN_UNUSED_VARIABLE = YES;
				IPHONEOS_DEPLOYMENT_TARGET = 11.2;
				MTL_ENABLE_DEBUG_INFO = NO;
				SDKROOT = iphoneos;
				SWIFT_OPTIMIZATION_LEVEL = "-Owholemodule";
				VALIDATE_PRODUCT = YES;
			};
			name = Release;
		};
		BA921E7F205D381000E3E2EE /* Debug */ = {
			isa = XCBuildConfiguration;
			buildSettings = {
				ASSETCATALOG_COMPILER_APPICON_NAME = AppIcon;
				CODE_SIGN_STYLE = Automatic;
				INFOPLIST_FILE = "ZaikaMaxim HomeNetWorking/Info.plist";
				LD_RUNPATH_SEARCH_PATHS = "$(inherited) @executable_path/Frameworks";
				PRODUCT_BUNDLE_IDENTIFIER = "Zaika.ZaikaMaxim-HomeNetWorking";
				PRODUCT_NAME = "$(TARGET_NAME)";
				SWIFT_VERSION = 4.0;
				TARGETED_DEVICE_FAMILY = "1,2";
			};
			name = Debug;
		};
		BA921E80205D381000E3E2EE /* Release */ = {
			isa = XCBuildConfiguration;
			buildSettings = {
				ASSETCATALOG_COMPILER_APPICON_NAME = AppIcon;
				CODE_SIGN_STYLE = Automatic;
				INFOPLIST_FILE = "ZaikaMaxim HomeNetWorking/Info.plist";
				LD_RUNPATH_SEARCH_PATHS = "$(inherited) @executable_path/Frameworks";
				PRODUCT_BUNDLE_IDENTIFIER = "Zaika.ZaikaMaxim-HomeNetWorking";
				PRODUCT_NAME = "$(TARGET_NAME)";
				SWIFT_VERSION = 4.0;
				TARGETED_DEVICE_FAMILY = "1,2";
			};
			name = Release;
		};
/* End XCBuildConfiguration section */

/* Begin XCConfigurationList section */
		BA921E67205D381000E3E2EE /* Build configuration list for PBXProject "ZaikaMaxim HomeNetWorking" */ = {
			isa = XCConfigurationList;
			buildConfigurations = (
				BA921E7C205D381000E3E2EE /* Debug */,
				BA921E7D205D381000E3E2EE /* Release */,
			);
			defaultConfigurationIsVisible = 0;
			defaultConfigurationName = Release;
		};
		BA921E7E205D381000E3E2EE /* Build configuration list for PBXNativeTarget "ZaikaMaxim HomeNetWorking" */ = {
			isa = XCConfigurationList;
			buildConfigurations = (
				BA921E7F205D381000E3E2EE /* Debug */,
				BA921E80205D381000E3E2EE /* Release */,
			);
			defaultConfigurationIsVisible = 0;
			defaultConfigurationName = Release;
		};
/* End XCConfigurationList section */
	};
	rootObject = BA921E64205D381000E3E2EE /* Project object */;
}
